<?xml version="1.0" encoding="utf-8"?>
<Project ToolsVersion="4.0" xmlns="http://schemas.microsoft.com/developer/msbuild/2003">
  <ItemGroup>
    <Filter Include="Form Files">
      <UniqueIdentifier>{99349809-55BA-4b9d-BF79-8FDBB0286EB3}</UniqueIdentifier>
      <Extensions>ui</Extensions>
      <ParseFiles>false</ParseFiles>
    </Filter>
    <Filter Include="Form Files">
      <UniqueIdentifier>{99349809-55BA-4b9d-BF79-8FDBB0286EB3}</UniqueIdentifier>
      <Extensions>ui</Extensions>
      <ParseFiles>false</ParseFiles>
    </Filter>
    <Filter Include="Generated Files">
      <UniqueIdentifier>{71ED8ED8-ACB9-4CE9-BBE1-E00B30144E11}</UniqueIdentifier>
      <Extensions>cpp;c;cxx;moc;h;def;odl;idl;res;</Extensions>
    </Filter>
    <Filter Include="Generated Files">
      <UniqueIdentifier>{71ED8ED8-ACB9-4CE9-BBE1-E00B30144E11}</UniqueIdentifier>
      <Extensions>cpp;c;cxx;moc;h;def;odl;idl;res;</Extensions>
    </Filter>
    <Filter Include="Header Files">
      <UniqueIdentifier>{93995380-89BD-4b04-88EB-625FBE52EBFB}</UniqueIdentifier>
      <Extensions>h;hpp;hxx;hm;inl;inc;xsd</Extensions>
    </Filter>
    <Filter Include="Header Files">
      <UniqueIdentifier>{93995380-89BD-4b04-88EB-625FBE52EBFB}</UniqueIdentifier>
      <Extensions>h;hpp;hxx;hm;inl;inc;xsd</Extensions>
    </Filter>
    <Filter Include="Resource Files">
      <UniqueIdentifier>{D9D6E242-F8AF-46E4-B9FD-80ECBC20BA3E}</UniqueIdentifier>
      <Extensions>qrc;*</Extensions>
      <ParseFiles>false</ParseFiles>
    </Filter>
    <Filter Include="Resource Files">
      <UniqueIdentifier>{D9D6E242-F8AF-46E4-B9FD-80ECBC20BA3E}</UniqueIdentifier>
      <Extensions>qrc;*</Extensions>
      <ParseFiles>false</ParseFiles>
    </Filter>
    <Filter Include="Source Files">
      <UniqueIdentifier>{4FC737F1-C7A5-4376-A066-2A32D752A2FF}</UniqueIdentifier>
      <Extensions>cpp;c;cxx;def;odl;idl;hpj;bat;asm;asmx</Extensions>
    </Filter>
    <Filter Include="Source Files">
      <UniqueIdentifier>{4FC737F1-C7A5-4376-A066-2A32D752A2FF}</UniqueIdentifier>
      <Extensions>cpp;c;cxx;def;odl;idl;hpj;bat;asm;asmx</Extensions>
    </Filter>
    <Filter Include="Generated Files\Release">
      <UniqueIdentifier>{fe23403e-d7c9-4370-a58e-50972a3487b8}</UniqueIdentifier>
      <Extensions>cpp;moc</Extensions>
      <SourceControlFiles>False</SourceControlFiles>
    </Filter>
    <Filter Include="Generated Files\Debug">
      <UniqueIdentifier>{980e1c07-591c-4495-9d19-1e9651830257}</UniqueIdentifier>
      <Extensions>cpp;moc</Extensions>
      <SourceControlFiles>False</SourceControlFiles>
    </Filter>
  </ItemGroup>
  <ItemGroup>
    <ClCompile Include="autosaver.cpp">
      <Filter>Source Files</Filter>
    </ClCompile>
    <ClCompile Include="bookmarks.cpp">
      <Filter>Source Files</Filter>
    </ClCompile>
    <ClCompile Include="browserapplication.cpp">
      <Filter>Source Files</Filter>
    </ClCompile>
    <ClCompile Include="browsermainwindow.cpp">
      <Filter>Source Files</Filter>
    </ClCompile>
    <ClCompile Include="chasewidget.cpp">
      <Filter>Source Files</Filter>
    </ClCompile>
    <ClCompile Include="cookiejar.cpp">
      <Filter>Source Files</Filter>
    </ClCompile>
    <ClCompile Include="downloadmanager.cpp">
      <Filter>Source Files</Filter>
    </ClCompile>
    <ClCompile Include="edittableview.cpp">
      <Filter>Source Files</Filter>
    </ClCompile>
    <ClCompile Include="edittreeview.cpp">
      <Filter>Source Files</Filter>
    </ClCompile>
    <ClCompile Include="history.cpp">
      <Filter>Source Files</Filter>
    </ClCompile>
    <ClCompile Include="main.cpp">
      <Filter>Source Files</Filter>
    </ClCompile>
    <ClCompile Include="modelmenu.cpp">
      <Filter>Source Files</Filter>
    </ClCompile>
    <ClCompile Include="networkaccessmanager.cpp">
      <Filter>Source Files</Filter>
    </ClCompile>
    <ClCompile Include="searchlineedit.cpp">
      <Filter>Source Files</Filter>
    </ClCompile>
    <ClCompile Include="settings.cpp">
      <Filter>Source Files</Filter>
    </ClCompile>
    <ClCompile Include="squeezelabel.cpp">
      <Filter>Source Files</Filter>
    </ClCompile>
    <ClCompile Include="tabwidget.cpp">
      <Filter>Source Files</Filter>
    </ClCompile>
    <ClCompile Include="toolbarsearch.cpp">
      <Filter>Source Files</Filter>
    </ClCompile>
    <ClCompile Include="urllineedit.cpp">
      <Filter>Source Files</Filter>
    </ClCompile>
    <ClCompile Include="webview.cpp">
      <Filter>Source Files</Filter>
    </ClCompile>
    <ClCompile Include="xbel.cpp">
      <Filter>Source Files</Filter>
    </ClCompile>
    <ClCompile Include="Release\moc_autosaver.cpp">
      <Filter>Generated Files\Release</Filter>
    </ClCompile>
    <ClCompile Include="Debug\moc_autosaver.cpp">
      <Filter>Generated Files\Debug</Filter>
    </ClCompile>
    <ClCompile Include="Release\moc_bookmarks.cpp">
      <Filter>Generated Files\Release</Filter>
    </ClCompile>
    <ClCompile Include="Debug\moc_bookmarks.cpp">
      <Filter>Generated Files\Debug</Filter>
    </ClCompile>
    <ClCompile Include="Release\moc_browserapplication.cpp">
      <Filter>Generated Files\Release</Filter>
    </ClCompile>
    <ClCompile Include="Debug\moc_browserapplication.cpp">
      <Filter>Generated Files\Debug</Filter>
    </ClCompile>
    <ClCompile Include="Release\moc_browsermainwindow.cpp">
      <Filter>Generated Files\Release</Filter>
    </ClCompile>
    <ClCompile Include="Debug\moc_browsermainwindow.cpp">
      <Filter>Generated Files\Debug</Filter>
    </ClCompile>
    <ClCompile Include="Release\moc_chasewidget.cpp">
      <Filter>Generated Files\Release</Filter>
    </ClCompile>
    <ClCompile Include="Debug\moc_chasewidget.cpp">
      <Filter>Generated Files\Debug</Filter>
    </ClCompile>
    <ClCompile Include="Release\moc_cookiejar.cpp">
      <Filter>Generated Files\Release</Filter>
    </ClCompile>
    <ClCompile Include="Debug\moc_cookiejar.cpp">
      <Filter>Generated Files\Debug</Filter>
    </ClCompile>
    <ClCompile Include="Release\moc_downloadmanager.cpp">
      <Filter>Generated Files\Release</Filter>
    </ClCompile>
    <ClCompile Include="Debug\moc_downloadmanager.cpp">
      <Filter>Generated Files\Debug</Filter>
    </ClCompile>
    <ClCompile Include="Release\moc_edittableview.cpp">
      <Filter>Generated Files\Release</Filter>
    </ClCompile>
    <ClCompile Include="Debug\moc_edittableview.cpp">
      <Filter>Generated Files\Debug</Filter>
    </ClCompile>
    <ClCompile Include="Release\moc_edittreeview.cpp">
      <Filter>Generated Files\Release</Filter>
    </ClCompile>
    <ClCompile Include="Debug\moc_edittreeview.cpp">
      <Filter>Generated Files\Debug</Filter>
    </ClCompile>
    <ClCompile Include="Release\moc_history.cpp">
      <Filter>Generated Files\Release</Filter>
    </ClCompile>
    <ClCompile Include="Debug\moc_history.cpp">
      <Filter>Generated Files\Debug</Filter>
    </ClCompile>
    <ClCompile Include="Release\moc_modelmenu.cpp">
      <Filter>Generated Files\Release</Filter>
    </ClCompile>
    <ClCompile Include="Debug\moc_modelmenu.cpp">
      <Filter>Generated Files\Debug</Filter>
    </ClCompile>
    <ClCompile Include="Release\moc_networkaccessmanager.cpp">
      <Filter>Generated Files\Release</Filter>
    </ClCompile>
    <ClCompile Include="Debug\moc_networkaccessmanager.cpp">
      <Filter>Generated Files\Debug</Filter>
    </ClCompile>
    <ClCompile Include="Release\moc_searchlineedit.cpp">
      <Filter>Generated Files\Release</Filter>
    </ClCompile>
    <ClCompile Include="Debug\moc_searchlineedit.cpp">
      <Filter>Generated Files\Debug</Filter>
    </ClCompile>
    <ClCompile Include="Release\moc_settings.cpp">
      <Filter>Generated Files\Release</Filter>
    </ClCompile>
    <ClCompile Include="Debug\moc_settings.cpp">
      <Filter>Generated Files\Debug</Filter>
    </ClCompile>
    <ClCompile Include="Release\moc_squeezelabel.cpp">
      <Filter>Generated Files\Release</Filter>
    </ClCompile>
    <ClCompile Include="Debug\moc_squeezelabel.cpp">
      <Filter>Generated Files\Debug</Filter>
    </ClCompile>
    <ClCompile Include="Release\moc_tabwidget.cpp">
      <Filter>Generated Files\Release</Filter>
    </ClCompile>
    <ClCompile Include="Debug\moc_tabwidget.cpp">
      <Filter>Generated Files\Debug</Filter>
    </ClCompile>
    <ClCompile Include="Release\moc_toolbarsearch.cpp">
      <Filter>Generated Files\Release</Filter>
    </ClCompile>
    <ClCompile Include="Debug\moc_toolbarsearch.cpp">
      <Filter>Generated Files\Debug</Filter>
    </ClCompile>
    <ClCompile Include="Release\moc_urllineedit.cpp">
      <Filter>Generated Files\Release</Filter>
    </ClCompile>
    <ClCompile Include="Debug\moc_urllineedit.cpp">
      <Filter>Generated Files\Debug</Filter>
    </ClCompile>
    <ClCompile Include="Release\moc_webview.cpp">
      <Filter>Generated Files\Release</Filter>
    </ClCompile>
    <ClCompile Include="Debug\moc_webview.cpp">
      <Filter>Generated Files\Debug</Filter>
    </ClCompile>
    <ClCompile Include="GeneratedFiles\qrc_data.cpp">
      <Filter>Generated Files</Filter>
    </ClCompile>
    <ClCompile Include="GeneratedFiles\qrc_htmls.cpp">
      <Filter>Generated Files</Filter>
    </ClCompile>
  </ItemGroup>
  <ItemGroup>
    <CustomBuild Include="autosaver.h">
      <Filter>Header Files</Filter>
    </CustomBuild>
    <CustomBuild Include="bookmarks.h">
      <Filter>Header Files</Filter>
    </CustomBuild>
    <CustomBuild Include="browserapplication.h">
      <Filter>Header Files</Filter>
    </CustomBuild>
    <CustomBuild Include="browsermainwindow.h">
      <Filter>Header Files</Filter>
    </CustomBuild>
    <CustomBuild Include="chasewidget.h">
      <Filter>Header Files</Filter>
    </CustomBuild>
    <CustomBuild Include="cookiejar.h">
      <Filter>Header Files</Filter>
    </CustomBuild>
    <CustomBuild Include="downloadmanager.h">
      <Filter>Header Files</Filter>
    </CustomBuild>
    <CustomBuild Include="edittableview.h">
      <Filter>Header Files</Filter>
    </CustomBuild>
    <CustomBuild Include="edittreeview.h">
      <Filter>Header Files</Filter>
    </CustomBuild>
    <CustomBuild Include="history.h">
      <Filter>Header Files</Filter>
    </CustomBuild>
    <CustomBuild Include="modelmenu.h">
      <Filter>Header Files</Filter>
    </CustomBuild>
    <CustomBuild Include="networkaccessmanager.h">
      <Filter>Header Files</Filter>
    </CustomBuild>
    <CustomBuild Include="searchlineedit.h">
      <Filter>Header Files</Filter>
    </CustomBuild>
    <CustomBuild Include="settings.h">
      <Filter>Header Files</Filter>
    </CustomBuild>
    <CustomBuild Include="squeezelabel.h">
      <Filter>Header Files</Filter>
    </CustomBuild>
    <CustomBuild Include="tabwidget.h">
      <Filter>Header Files</Filter>
    </CustomBuild>
    <CustomBuild Include="toolbarsearch.h">
      <Filter>Header Files</Filter>
    </CustomBuild>
    <CustomBuild Include="urllineedit.h">
      <Filter>Header Files</Filter>
    </CustomBuild>
    <CustomBuild Include="webview.h">
      <Filter>Header Files</Filter>
    </CustomBuild>
    <ClInclude Include="xbel.h">
      <Filter>Header Files</Filter>
    </ClInclude>
  </ItemGroup>
  <ItemGroup>
    <CustomBuild Include="addbookmarkdialog.ui">
      <Filter>Form Files</Filter>
    </CustomBuild>
    <CustomBuild Include="bookmarks.ui">
      <Filter>Form Files</Filter>
    </CustomBuild>
    <CustomBuild Include="cookies.ui">
      <Filter>Form Files</Filter>
    </CustomBuild>
    <CustomBuild Include="cookiesexceptions.ui">
      <Filter>Form Files</Filter>
    </CustomBuild>
    <CustomBuild Include="downloaditem.ui">
      <Filter>Form Files</Filter>
    </CustomBuild>
    <CustomBuild Include="downloads.ui">
      <Filter>Form Files</Filter>
    </CustomBuild>
    <CustomBuild Include="history.ui">
      <Filter>Form Files</Filter>
    </CustomBuild>
    <CustomBuild Include="passworddialog.ui">
      <Filter>Form Files</Filter>
    </CustomBuild>
    <CustomBuild Include="proxy.ui">
      <Filter>Form Files</Filter>
    </CustomBuild>
    <CustomBuild Include="settings.ui">
      <Filter>Form Files</Filter>
    </CustomBuild>
  </ItemGroup>
  <ItemGroup>
    <None Include="data\addtab.png">
      <Filter>Resource Files</Filter>
    </None>
    <None Include="data\browser.svg">
      <Filter>Resource Files</Filter>
    </None>
    <None Include="data\closetab.png">
      <Filter>Resource Files</Filter>
    </None>
    <CustomBuild Include="data\data.qrc">
      <Filter>Resource Files</Filter>
    </CustomBuild>
    <None Include="data\defaultbookmarks.xbel">
      <Filter>Resource Files</Filter>
    </None>
    <None Include="data\defaulticon.png">
      <Filter>Resource Files</Filter>
    </None>
    <None Include="data\history.png">
      <Filter>Resource Files</Filter>
    </None>
    <CustomBuild Include="htmls\htmls.qrc">
      <Filter>Resource Files</Filter>
    </CustomBuild>
    <None Include="data\loading.gif">
      <Filter>Resource Files</Filter>
    </None>
    <None Include="htmls\notfound.html">
      <Filter>Resource Files</Filter>
    </None>
  </ItemGroup>
  <ItemGroup>
    <ResourceCompile Include="browser.rc" />
  </ItemGroup>
  <ItemGroup>
    <ClInclude Include="GeneratedFiles\ui_addbookmarkdialog.h">
      <Filter>Generated Files</Filter>
    </ClInclude>
    <ClInclude Include="GeneratedFiles\ui_bookmarks.h">
      <Filter>Generated Files</Filter>
    </ClInclude>
    <ClInclude Include="GeneratedFiles\ui_cookies.h">
      <Filter>Generated Files</Filter>
    </ClInclude>
    <ClInclude Include="GeneratedFiles\ui_cookiesexceptions.h">
      <Filter>Generated Files</Filter>
    </ClInclude>
    <ClInclude Include="GeneratedFiles\ui_downloaditem.h">
      <Filter>Generated Files</Filter>
    </ClInclude>
    <ClInclude Include="GeneratedFiles\ui_downloads.h">
      <Filter>Generated Files</Filter>
    </ClInclude>
    <ClInclude Include="GeneratedFiles\ui_history.h">
      <Filter>Generated Files</Filter>
    </ClInclude>
    <ClInclude Include="GeneratedFiles\ui_passworddialog.h">
      <Filter>Generated Files</Filter>
    </ClInclude>
    <ClInclude Include="GeneratedFiles\ui_proxy.h">
      <Filter>Generated Files</Filter>
    </ClInclude>
    <ClInclude Include="GeneratedFiles\ui_settings.h">
      <Filter>Generated Files</Filter>
    </ClInclude>
  </ItemGroup>
</Project>